
Microsoft Visual Studio Solution File, Format Version 12.00
Project("{FAE04EC0-301F-11D3-BF4B-00C04F79EFBC}") = "Parallel-Programming-SSU-C-Sharp", "Parallel-Programming-SSU-C-Sharp\Parallel-Programming-SSU-C-Sharp.csproj", "{58DBE175-8BC7-4BF4-9D0D-0633D90648A7}"
EndProject
Global
	GlobalSection(SolutionConfigurationPlatforms) = preSolution
		Debug|Any CPU = Debug|Any CPU
		Release|Any CPU = Release|Any CPU
	EndGlobalSection
	GlobalSection(ProjectConfigurationPlatforms) = postSolution
		{58DBE175-8BC7-4BF4-9D0D-0633D90648A7}.Debug|Any CPU.ActiveCfg = Debug|Any CPU
		{58DBE175-8BC7-4BF4-9D0D-0633D90648A7}.Debug|Any CPU.Build.0 = Debug|Any CPU
		{58DBE175-8BC7-4BF4-9D0D-0633D90648A7}.Release|Any CPU.ActiveCfg = Release|Any CPU
		{58DBE175-8BC7-4BF4-9D0D-0633D90648A7}.Release|Any CPU.Build.0 = Release|Any CPU
	EndGlobalSection
EndGlobal
